
Microsoft Visual Studio Solution File, Format Version 12.00
# Visual Studio Version 18
VisualStudioVersion = 18.5.11723.231
MinimumVisualStudioVersion = 10.0.40219.1
Project("{8BC9CEB8-8B4A-11D0-8D11-00A0C91BC942}") = "Engine", "Engine\Engine.vcxproj", "{0156D2EC-A542-46A9-97F6-8BB9CE5EC3D5}"
EndProject
Project("{8BC9CEB8-8B4A-11D0-8D11-00A0C91BC942}") = "SampleProject", "SampleProject\SampleProject.vcxproj", "{A13675B6-58B4-444D-877F-46BD07D9FC93}"
	ProjectSection(ProjectDependencies) = postProject
		{0156D2EC-A542-46A9-97F6-8BB9CE5EC3D5} = {0156D2EC-A542-46A9-97F6-8BB9CE5EC3D5}
	EndProjectSection
EndProject
Project("{8BC9CEB8-8B4A-11D0-8D11-00A0C91BC942}") = "EncodeTest", "EncodeTest\EncodeTest.vcxproj", "{B3A539E2-A69A-41B3-9D3D-BF7DF8428561}"
	ProjectSection(ProjectDependencies) = postProject
		{0156D2EC-A542-46A9-97F6-8BB9CE5EC3D5} = {0156D2EC-A542-46A9-97F6-8BB9CE5EC3D5}
	EndProjectSection
EndProject
Project("{8BC9CEB8-8B4A-11D0-8D11-00A0C91BC942}") = "FluidSimulation", "FluidSimulation\FluidSimulation.vcxproj", "{57BF9851-07E7-4C24-8C3F-A28F18F41942}"
	ProjectSection(ProjectDependencies) = postProject
		{0156D2EC-A542-46A9-97F6-8BB9CE5EC3D5} = {0156D2EC-A542-46A9-97F6-8BB9CE5EC3D5}
	EndProjectSection
EndProject
Project("{8BC9CEB8-8B4A-11D0-8D11-00A0C91BC942}") = "MandelBulb", "MandelBulb\MandelBulb.vcxproj", "{018B5D19-926B-45C3-BD59-30040FB50409}"
	ProjectSection(ProjectDependencies) = postProject
		{0156D2EC-A542-46A9-97F6-8BB9CE5EC3D5} = {0156D2EC-A542-46A9-97F6-8BB9CE5EC3D5}
	EndProjectSection
EndProject
Project("{8BC9CEB8-8B4A-11D0-8D11-00A0C91BC942}") = "CrytekSponza", "CrytekSponza\CrytekSponza.vcxproj", "{1DD61E0C-2055-4C30-B744-9923A093949F}"
	ProjectSection(ProjectDependencies) = postProject
		{0156D2EC-A542-46A9-97F6-8BB9CE5EC3D5} = {0156D2EC-A542-46A9-97F6-8BB9CE5EC3D5}
	EndProjectSection
EndProject
Project("{8BC9CEB8-8B4A-11D0-8D11-00A0C91BC942}") = "SimpleParticleEffect", "SimpleParticleEffect\SimpleParticleEffect.vcxproj", "{BEF2256D-25B7-44CB-A6E4-CF6F4B4074E6}"
	ProjectSection(ProjectDependencies) = postProject
		{0156D2EC-A542-46A9-97F6-8BB9CE5EC3D5} = {0156D2EC-A542-46A9-97F6-8BB9CE5EC3D5}
	EndProjectSection
EndProject
Project("{8BC9CEB8-8B4A-11D0-8D11-00A0C91BC942}") = "FFTOcean", "FFTOcean\FFTOcean.vcxproj", "{A31E940D-A3E0-4ACD-81FF-008F5CB388B9}"
	ProjectSection(ProjectDependencies) = postProject
		{0156D2EC-A542-46A9-97F6-8BB9CE5EC3D5} = {0156D2EC-A542-46A9-97F6-8BB9CE5EC3D5}
	EndProjectSection
EndProject
Project("{8BC9CEB8-8B4A-11D0-8D11-00A0C91BC942}") = "SmoothLife", "SmoothLife\SmoothLife.vcxproj", "{AD086B5C-2421-47EF-B57F-8389A2075391}"
	ProjectSection(ProjectDependencies) = postProject
		{0156D2EC-A542-46A9-97F6-8BB9CE5EC3D5} = {0156D2EC-A542-46A9-97F6-8BB9CE5EC3D5}
	EndProjectSection
EndProject
Project("{8BC9CEB8-8B4A-11D0-8D11-00A0C91BC942}") = "MandelBrotSet", "MandelBrotSet\MandelBrotSet.vcxproj", "{81BE774F-99B5-4B2C-9887-E4BE4911E48E}"
	ProjectSection(ProjectDependencies) = postProject
		{0156D2EC-A542-46A9-97F6-8BB9CE5EC3D5} = {0156D2EC-A542-46A9-97F6-8BB9CE5EC3D5}
	EndProjectSection
EndProject
Project("{8BC9CEB8-8B4A-11D0-8D11-00A0C91BC942}") = "LoggerTest", "LoggerTest\LoggerTest.vcxproj", "{1969F40F-0A40-450C-B292-63454C2E710B}"
	ProjectSection(ProjectDependencies) = postProject
		{0156D2EC-A542-46A9-97F6-8BB9CE5EC3D5} = {0156D2EC-A542-46A9-97F6-8BB9CE5EC3D5}
	EndProjectSection
EndProject
Project("{8BC9CEB8-8B4A-11D0-8D11-00A0C91BC942}") = "BlackHole", "BlackHole\BlackHole.vcxproj", "{98B3385F-A33C-43E1-AC92-E5A8798726A0}"
	ProjectSection(ProjectDependencies) = postProject
		{0156D2EC-A542-46A9-97F6-8BB9CE5EC3D5} = {0156D2EC-A542-46A9-97F6-8BB9CE5EC3D5}
	EndProjectSection
EndProject
Project("{8BC9CEB8-8B4A-11D0-8D11-00A0C91BC942}") = "PBRRendering", "PBRRendering\PBRRendering.vcxproj", "{B4514BF1-4A83-4810-8C0C-C086343FDFCD}"
	ProjectSection(ProjectDependencies) = postProject
		{0156D2EC-A542-46A9-97F6-8BB9CE5EC3D5} = {0156D2EC-A542-46A9-97F6-8BB9CE5EC3D5}
	EndProjectSection
EndProject
Project("{8BC9CEB8-8B4A-11D0-8D11-00A0C91BC942}") = "SteeringBehavior", "SteeringBehavior\SteeringBehavior.vcxproj", "{09DB6183-84B7-416F-852A-5FB04C0BB9FB}"
EndProject
Global
	GlobalSection(SolutionConfigurationPlatforms) = preSolution
		Debug|x64 = Debug|x64
		Release|x64 = Release|x64
	EndGlobalSection
	GlobalSection(ProjectConfigurationPlatforms) = postSolution
		{0156D2EC-A542-46A9-97F6-8BB9CE5EC3D5}.Debug|x64.ActiveCfg = Debug|x64
		{0156D2EC-A542-46A9-97F6-8BB9CE5EC3D5}.Debug|x64.Build.0 = Debug|x64
		{0156D2EC-A542-46A9-97F6-8BB9CE5EC3D5}.Release|x64.ActiveCfg = Release|x64
		{0156D2EC-A542-46A9-97F6-8BB9CE5EC3D5}.Release|x64.Build.0 = Release|x64
		{A13675B6-58B4-444D-877F-46BD07D9FC93}.Debug|x64.ActiveCfg = Debug|x64
		{A13675B6-58B4-444D-877F-46BD07D9FC93}.Debug|x64.Build.0 = Debug|x64
		{A13675B6-58B4-444D-877F-46BD07D9FC93}.Release|x64.ActiveCfg = Release|x64
		{A13675B6-58B4-444D-877F-46BD07D9FC93}.Release|x64.Build.0 = Release|x64
		{B3A539E2-A69A-41B3-9D3D-BF7DF8428561}.Debug|x64.ActiveCfg = Debug|x64
		{B3A539E2-A69A-41B3-9D3D-BF7DF8428561}.Debug|x64.Build.0 = Debug|x64
		{B3A539E2-A69A-41B3-9D3D-BF7DF8428561}.Release|x64.ActiveCfg = Release|x64
		{B3A539E2-A69A-41B3-9D3D-BF7DF8428561}.Release|x64.Build.0 = Release|x64
		{57BF9851-07E7-4C24-8C3F-A28F18F41942}.Debug|x64.ActiveCfg = Debug|x64
		{57BF9851-07E7-4C24-8C3F-A28F18F41942}.Debug|x64.Build.0 = Debug|x64
		{57BF9851-07E7-4C24-8C3F-A28F18F41942}.Release|x64.ActiveCfg = Release|x64
		{57BF9851-07E7-4C24-8C3F-A28F18F41942}.Release|x64.Build.0 = Release|x64
		{018B5D19-926B-45C3-BD59-30040FB50409}.Debug|x64.ActiveCfg = Debug|x64
		{018B5D19-926B-45C3-BD59-30040FB50409}.Debug|x64.Build.0 = Debug|x64
		{018B5D19-926B-45C3-BD59-30040FB50409}.Release|x64.ActiveCfg = Release|x64
		{018B5D19-926B-45C3-BD59-30040FB50409}.Release|x64.Build.0 = Release|x64
		{1DD61E0C-2055-4C30-B744-9923A093949F}.Debug|x64.ActiveCfg = Debug|x64
		{1DD61E0C-2055-4C30-B744-9923A093949F}.Debug|x64.Build.0 = Debug|x64
		{1DD61E0C-2055-4C30-B744-9923A093949F}.Release|x64.ActiveCfg = Release|x64
		{1DD61E0C-2055-4C30-B744-9923A093949F}.Release|x64.Build.0 = Release|x64
		{BEF2256D-25B7-44CB-A6E4-CF6F4B4074E6}.Debug|x64.ActiveCfg = Debug|x64
		{BEF2256D-25B7-44CB-A6E4-CF6F4B4074E6}.Debug|x64.Build.0 = Debug|x64
		{BEF2256D-25B7-44CB-A6E4-CF6F4B4074E6}.Release|x64.ActiveCfg = Release|x64
		{BEF2256D-25B7-44CB-A6E4-CF6F4B4074E6}.Release|x64.Build.0 = Release|x64
		{A31E940D-A3E0-4ACD-81FF-008F5CB388B9}.Debug|x64.ActiveCfg = Debug|x64
		{A31E940D-A3E0-4ACD-81FF-008F5CB388B9}.Debug|x64.Build.0 = Debug|x64
		{A31E940D-A3E0-4ACD-81FF-008F5CB388B9}.Release|x64.ActiveCfg = Release|x64
		{A31E940D-A3E0-4ACD-81FF-008F5CB388B9}.Release|x64.Build.0 = Release|x64
		{AD086B5C-2421-47EF-B57F-8389A2075391}.Debug|x64.ActiveCfg = Debug|x64
		{AD086B5C-2421-47EF-B57F-8389A2075391}.Debug|x64.Build.0 = Debug|x64
		{AD086B5C-2421-47EF-B57F-8389A2075391}.Release|x64.ActiveCfg = Release|x64
		{AD086B5C-2421-47EF-B57F-8389A2075391}.Release|x64.Build.0 = Release|x64
		{81BE774F-99B5-4B2C-9887-E4BE4911E48E}.Debug|x64.ActiveCfg = Debug|x64
		{81BE774F-99B5-4B2C-9887-E4BE4911E48E}.Debug|x64.Build.0 = Debug|x64
		{81BE774F-99B5-4B2C-9887-E4BE4911E48E}.Release|x64.ActiveCfg = Release|x64
		{81BE774F-99B5-4B2C-9887-E4BE4911E48E}.Release|x64.Build.0 = Release|x64
		{1969F40F-0A40-450C-B292-63454C2E710B}.Debug|x64.ActiveCfg = Debug|x64
		{1969F40F-0A40-450C-B292-63454C2E710B}.Debug|x64.Build.0 = Debug|x64
		{1969F40F-0A40-450C-B292-63454C2E710B}.Release|x64.ActiveCfg = Release|x64
		{1969F40F-0A40-450C-B292-63454C2E710B}.Release|x64.Build.0 = Release|x64
		{98B3385F-A33C-43E1-AC92-E5A8798726A0}.Debug|x64.ActiveCfg = Debug|x64
		{98B3385F-A33C-43E1-AC92-E5A8798726A0}.Debug|x64.Build.0 = Debug|x64
		{98B3385F-A33C-43E1-AC92-E5A8798726A0}.Release|x64.ActiveCfg = Release|x64
		{98B3385F-A33C-43E1-AC92-E5A8798726A0}.Release|x64.Build.0 = Release|x64
		{B4514BF1-4A83-4810-8C0C-C086343FDFCD}.Debug|x64.ActiveCfg = Debug|x64
		{B4514BF1-4A83-4810-8C0C-C086343FDFCD}.Debug|x64.Build.0 = Debug|x64
		{B4514BF1-4A83-4810-8C0C-C086343FDFCD}.Release|x64.ActiveCfg = Release|x64
		{B4514BF1-4A83-4810-8C0C-C086343FDFCD}.Release|x64.Build.0 = Release|x64
		{09DB6183-84B7-416F-852A-5FB04C0BB9FB}.Debug|x64.ActiveCfg = Debug|x64
		{09DB6183-84B7-416F-852A-5FB04C0BB9FB}.Debug|x64.Build.0 = Debug|x64
		{09DB6183-84B7-416F-852A-5FB04C0BB9FB}.Release|x64.ActiveCfg = Release|x64
		{09DB6183-84B7-416F-852A-5FB04C0BB9FB}.Release|x64.Build.0 = Release|x64
	EndGlobalSection
	GlobalSection(SolutionProperties) = preSolution
		HideSolutionNode = FALSE
	EndGlobalSection
	GlobalSection(ExtensibilityGlobals) = postSolution
		SolutionGuid = {919656DB-E614-40B0-8F9E-1EF4B422FFE5}
	EndGlobalSection
EndGlobal
