<?xml version="1.0" encoding="utf-8"?>
<Project ToolsVersion="4.0" xmlns="http://schemas.microsoft.com/developer/msbuild/2003">
  <ItemGroup>
    <Filter Include="资源文件">
      <UniqueIdentifier>{67DA6AB6-F800-4c08-8B7A-83BB121AAD01}</UniqueIdentifier>
      <Extensions>rc;ico;cur;bmp;dlg;rc2;rct;bin;rgs;gif;jpg;jpeg;jpe;resx;tiff;tif;png;wav;mfcribbon-ms</Extensions>
    </Filter>
    <Filter Include="Header">
      <UniqueIdentifier>{93995380-89BD-4b04-88EB-625FBE52EBFB}</UniqueIdentifier>
      <Extensions>h;hh;hpp;hxx;h++;hm;inl;inc;ipp;xsd</Extensions>
    </Filter>
    <Filter Include="Header\Camera">
      <UniqueIdentifier>{fa32e952-1248-49d9-a127-debc31a8b907}</UniqueIdentifier>
    </Filter>
    <Filter Include="Source">
      <UniqueIdentifier>{4FC737F1-C7A5-4376-A066-2A32D752A2FF}</UniqueIdentifier>
      <Extensions>cpp;c;cc;cxx;c++;cppm;ixx;def;odl;idl;hpj;bat;asm;asmx</Extensions>
    </Filter>
    <Filter Include="Header\Core">
      <UniqueIdentifier>{5cc8f8db-61a2-4d5d-8c9b-59cf6a60772f}</UniqueIdentifier>
    </Filter>
    <Filter Include="Shaders">
      <UniqueIdentifier>{8d44a3da-0518-4dd4-b78b-63903e459d91}</UniqueIdentifier>
    </Filter>
    <Filter Include="Header\Input">
      <UniqueIdentifier>{9d333309-a863-47a1-a750-2e65ed3c6890}</UniqueIdentifier>
    </Filter>
    <Filter Include="Header\Utils">
      <UniqueIdentifier>{6fe99759-40c5-489c-9044-a756b924072b}</UniqueIdentifier>
    </Filter>
    <Filter Include="Header\Core\DX">
      <UniqueIdentifier>{fdbde05c-a6ca-4f8d-baa9-967ef684265b}</UniqueIdentifier>
    </Filter>
    <Filter Include="Header\Core\Effect">
      <UniqueIdentifier>{c194ac78-a23f-485c-b5a2-5241893c3378}</UniqueIdentifier>
    </Filter>
    <Filter Include="Header\Core\Gear2D">
      <UniqueIdentifier>{0a008cc7-c66e-48e3-bb6f-f1270232f834}</UniqueIdentifier>
    </Filter>
    <Filter Include="Header\Core\VideoEncoder">
      <UniqueIdentifier>{33e3852e-9843-4f48-af8d-25b51018cece}</UniqueIdentifier>
    </Filter>
    <Filter Include="Header\ExternalHeader">
      <UniqueIdentifier>{89f99c31-4c6e-4afc-83f6-f5b1a792d88e}</UniqueIdentifier>
    </Filter>
    <Filter Include="Header\ExternalHeader\DDSTextureLoader">
      <UniqueIdentifier>{a734cea5-7468-4e87-aa75-ce7ad6b20199}</UniqueIdentifier>
    </Filter>
    <Filter Include="Header\ExternalHeader\ImGUi">
      <UniqueIdentifier>{c0de9e5c-6a60-41a2-ab6b-dc2e508be486}</UniqueIdentifier>
    </Filter>
    <Filter Include="Header\ExternalHeader\stbi">
      <UniqueIdentifier>{5ba3f63d-3289-4a15-ab6d-472d3f2bda4c}</UniqueIdentifier>
    </Filter>
    <Filter Include="Source\Camera">
      <UniqueIdentifier>{2ddbaf13-e4b7-4d2c-9207-707fc13d09f7}</UniqueIdentifier>
    </Filter>
    <Filter Include="Source\Core">
      <UniqueIdentifier>{adc7c9ca-5042-4fe7-87aa-26d47aa5710d}</UniqueIdentifier>
    </Filter>
    <Filter Include="Source\Input">
      <UniqueIdentifier>{4195c154-d8ec-43b5-985e-98dcf9260b88}</UniqueIdentifier>
    </Filter>
    <Filter Include="Source\ExternalSource">
      <UniqueIdentifier>{c04d547f-354e-4b28-8078-6692e2828117}</UniqueIdentifier>
    </Filter>
    <Filter Include="Source\Window">
      <UniqueIdentifier>{ff490935-d1d3-45b2-ad37-700786b80c8c}</UniqueIdentifier>
    </Filter>
    <Filter Include="Source\Utils">
      <UniqueIdentifier>{1128c26c-c480-4e0b-877c-e510a55835ed}</UniqueIdentifier>
    </Filter>
    <Filter Include="Header\Window">
      <UniqueIdentifier>{f5bbf051-167c-4b97-b68d-6dd83ddfba76}</UniqueIdentifier>
    </Filter>
    <Filter Include="Source\Core\DX">
      <UniqueIdentifier>{793b7cec-5d81-4323-ace4-02053d75f9c2}</UniqueIdentifier>
    </Filter>
    <Filter Include="Source\Core\Effect">
      <UniqueIdentifier>{e4193e1f-eb7c-49ed-9198-4b67b11d10cb}</UniqueIdentifier>
    </Filter>
    <Filter Include="Source\Core\Gear2D">
      <UniqueIdentifier>{dba09471-fa89-44dc-8a4e-368158ece7d4}</UniqueIdentifier>
    </Filter>
    <Filter Include="Source\Core\VideoEncoder">
      <UniqueIdentifier>{758d6d7b-6fff-4010-a4c5-d79ba3be12b4}</UniqueIdentifier>
    </Filter>
    <Filter Include="Source\Core\Resource">
      <UniqueIdentifier>{e6ba309b-f06f-49a4-88b4-ce0c36cd7a4e}</UniqueIdentifier>
    </Filter>
    <Filter Include="Source\Core\Raytracing">
      <UniqueIdentifier>{91c2f723-6e46-4208-a467-e15d07cfa3d4}</UniqueIdentifier>
    </Filter>
    <Filter Include="Source\ExternalSource\DDSTextureLoader">
      <UniqueIdentifier>{25166ced-7912-49a9-ab81-72803bd0c88c}</UniqueIdentifier>
    </Filter>
    <Filter Include="Source\ExternalSource\ImGUi">
      <UniqueIdentifier>{a5adeac4-c841-4d00-904b-f8a4162dfe0c}</UniqueIdentifier>
    </Filter>
    <Filter Include="Source\ExternalSource\stbi">
      <UniqueIdentifier>{69c18661-7055-460f-ad20-8e799ce8e83c}</UniqueIdentifier>
    </Filter>
    <Filter Include="Header\Core\Raytracing">
      <UniqueIdentifier>{77bb8211-745d-4029-a17a-9890561d6b73}</UniqueIdentifier>
    </Filter>
    <Filter Include="Header\Core\Resource">
      <UniqueIdentifier>{34a284e7-53a9-4e3d-8d23-0d3341d82100}</UniqueIdentifier>
    </Filter>
    <Filter Include="Shaders\Bloom">
      <UniqueIdentifier>{664aad81-b558-4370-8243-64a3ca115924}</UniqueIdentifier>
    </Filter>
    <Filter Include="Shaders\FullScreen">
      <UniqueIdentifier>{7900bebe-a5fe-4bdb-b8c2-ebe5831e3e29}</UniqueIdentifier>
    </Filter>
    <Filter Include="Shaders\TextureCube">
      <UniqueIdentifier>{5cceb067-cacf-4125-b7a9-86d27dd127ac}</UniqueIdentifier>
    </Filter>
    <Filter Include="Shaders\VideoEncoder">
      <UniqueIdentifier>{87621f7d-8c84-4107-a628-4e04c8b8193b}</UniqueIdentifier>
    </Filter>
    <Filter Include="Shaders\PrimitiveBatch">
      <UniqueIdentifier>{045be0d8-46c6-4283-9229-08ccababd3b8}</UniqueIdentifier>
    </Filter>
    <Filter Include="Shaders\FXAA">
      <UniqueIdentifier>{529f4f50-57ec-43cb-854c-e3ecf867a8f7}</UniqueIdentifier>
    </Filter>
  </ItemGroup>
  <ItemGroup>
    <ClInclude Include="Inc\Gear\Gear.h">
      <Filter>Header</Filter>
    </ClInclude>
    <ClInclude Include="Inc\Gear\InitializationParam.h">
      <Filter>Header</Filter>
    </ClInclude>
    <ClInclude Include="Inc\Gear\Game.h">
      <Filter>Header</Filter>
    </ClInclude>
    <ClInclude Include="Inc\Gear\Camera\OrbitCamera.h">
      <Filter>Header\Camera</Filter>
    </ClInclude>
    <ClInclude Include="Inc\Gear\Camera\FPSCamera.h">
      <Filter>Header\Camera</Filter>
    </ClInclude>
    <ClInclude Include="Inc\Gear\Core\D3D12Resource\Buffer.h">
      <Filter>Header\Core\DX</Filter>
    </ClInclude>
    <ClInclude Include="Inc\Gear\Core\D3D12Resource\ReadbackHeap.h">
      <Filter>Header\Core\DX</Filter>
    </ClInclude>
    <ClInclude Include="Inc\Gear\Core\D3D12Resource\D3D12ResourceBase.h">
      <Filter>Header\Core\DX</Filter>
    </ClInclude>
    <ClInclude Include="Inc\Gear\Core\D3D12Resource\Texture.h">
      <Filter>Header\Core\DX</Filter>
    </ClInclude>
    <ClInclude Include="Inc\Gear\Core\D3D12Resource\UploadHeap.h">
      <Filter>Header\Core\DX</Filter>
    </ClInclude>
    <ClInclude Include="Inc\Gear\Effect\BloomEffect.h">
      <Filter>Header\Core\Effect</Filter>
    </ClInclude>
    <ClInclude Include="Inc\Gear\Effect\EffectBase.h">
      <Filter>Header\Core\Effect</Filter>
    </ClInclude>
    <ClInclude Include="Inc\Gear\Effect\FXAAEffect.h">
      <Filter>Header\Core\Effect</Filter>
    </ClInclude>
    <ClInclude Include="Inc\Gear\Core\VideoEncoder\NVIDIAEncoder.h">
      <Filter>Header\Core\VideoEncoder</Filter>
    </ClInclude>
    <ClInclude Include="Inc\Gear\Resource\BufferView.h">
      <Filter>Header\Core\Resource</Filter>
    </ClInclude>
    <ClInclude Include="Inc\Gear\Resource\CounterBufferView.h">
      <Filter>Header\Core\Resource</Filter>
    </ClInclude>
    <ClInclude Include="Inc\Gear\Resource\ImmutableCBuffer.h">
      <Filter>Header\Core\Resource</Filter>
    </ClInclude>
    <ClInclude Include="Inc\Gear\Resource\ResourceBase.h">
      <Filter>Header\Core\Resource</Filter>
    </ClInclude>
    <ClInclude Include="Inc\Gear\Resource\SwapTexture.h">
      <Filter>Header\Core\Resource</Filter>
    </ClInclude>
    <ClInclude Include="Inc\Gear\Resource\DepthTextureView.h">
      <Filter>Header\Core\Resource</Filter>
    </ClInclude>
    <ClInclude Include="Inc\Gear\Resource\RenderTextureView.h">
      <Filter>Header\Core\Resource</Filter>
    </ClInclude>
    <ClInclude Include="Inc\Gear\Core\VideoEncoder\Encoder.h">
      <Filter>Header\Core\VideoEncoder</Filter>
    </ClInclude>
    <ClInclude Include="Inc\Gear\Input\Event.h">
      <Filter>Header\Input</Filter>
    </ClInclude>
    <ClInclude Include="Inc\Gear\Input\Keyboard.h">
      <Filter>Header\Input</Filter>
    </ClInclude>
    <ClInclude Include="Inc\Gear\Input\Mouse.h">
      <Filter>Header\Input</Filter>
    </ClInclude>
    <ClInclude Include="Inc\Gear\Window\Win32Form.h">
      <Filter>Header\Window</Filter>
    </ClInclude>
    <ClInclude Include="Inc\Gear\Utils\Color.h">
      <Filter>Header\Utils</Filter>
    </ClInclude>
    <ClInclude Include="Inc\Gear\Utils\DeltaTimeEstimator.h">
      <Filter>Header\Utils</Filter>
    </ClInclude>
    <ClInclude Include="Inc\Gear\Utils\Math.h">
      <Filter>Header\Utils</Filter>
    </ClInclude>
    <ClInclude Include="Inc\Gear\Utils\Random.h">
      <Filter>Header\Utils</Filter>
    </ClInclude>
    <ClInclude Include="Inc\Gear\Utils\Timer.h">
      <Filter>Header\Utils</Filter>
    </ClInclude>
    <ClInclude Include="Inc\Gear\Utils\File.h">
      <Filter>Header\Utils</Filter>
    </ClInclude>
    <ClInclude Include="Inc\Gear\Core\MainCamera.h">
      <Filter>Header\Core</Filter>
    </ClInclude>
    <ClInclude Include="Inc\Gear\Core\D3D12Core\CommandList.h">
      <Filter>Header\Core</Filter>
    </ClInclude>
    <ClInclude Include="Inc\Gear\Core\GlobalDescriptorHeap.h">
      <Filter>Header\Core</Filter>
    </ClInclude>
    <ClInclude Include="Inc\Gear\Core\GlobalRootSignature.h">
      <Filter>Header\Core</Filter>
    </ClInclude>
    <ClInclude Include="Inc\Gear\Core\Graphics.h">
      <Filter>Header\Core</Filter>
    </ClInclude>
    <ClInclude Include="Inc\Gear\Core\GraphicsContext.h">
      <Filter>Header\Core</Filter>
    </ClInclude>
    <ClInclude Include="Inc\Gear\Core\GraphicsDevice.h">
      <Filter>Header\Core</Filter>
    </ClInclude>
    <ClInclude Include="Inc\Gear\Core\D3D12Core\Shader.h">
      <Filter>Header\Core</Filter>
    </ClInclude>
    <ClInclude Include="Inc\Gear\Core\D3D12Core\RootSignature.h">
      <Filter>Header\Core</Filter>
    </ClInclude>
    <ClInclude Include="Inc\Gear\Core\ResourceManager.h">
      <Filter>Header\Core</Filter>
    </ClInclude>
    <ClInclude Include="Inc\Gear\Core\RenderEngine.h">
      <Filter>Header\Core</Filter>
    </ClInclude>
    <ClInclude Include="Inc\Gear\Core\PipelineStateHelper.h">
      <Filter>Header\Core</Filter>
    </ClInclude>
    <ClInclude Include="Inc\Gear\Core\D3D12Core\DescriptorHeap.h">
      <Filter>Header\Core</Filter>
    </ClInclude>
    <ClInclude Include="Inc\ImGUI\imconfig.h">
      <Filter>Header\ExternalHeader\ImGUi</Filter>
    </ClInclude>
    <ClInclude Include="Inc\ImGUI\imgui.h">
      <Filter>Header\ExternalHeader\ImGUi</Filter>
    </ClInclude>
    <ClInclude Include="Inc\ImGUI\imgui_impl_dx12.h">
      <Filter>Header\ExternalHeader\ImGUi</Filter>
    </ClInclude>
    <ClInclude Include="Inc\ImGUI\imgui_impl_win32.h">
      <Filter>Header\ExternalHeader\ImGUi</Filter>
    </ClInclude>
    <ClInclude Include="Inc\ImGUI\imgui_internal.h">
      <Filter>Header\ExternalHeader\ImGUi</Filter>
    </ClInclude>
    <ClInclude Include="Inc\ImGUI\imstb_rectpack.h">
      <Filter>Header\ExternalHeader\ImGUi</Filter>
    </ClInclude>
    <ClInclude Include="Inc\ImGUI\imstb_textedit.h">
      <Filter>Header\ExternalHeader\ImGUi</Filter>
    </ClInclude>
    <ClInclude Include="Inc\ImGUI\imstb_truetype.h">
      <Filter>Header\ExternalHeader\ImGUi</Filter>
    </ClInclude>
    <ClInclude Include="External\stb_image\stb_image_write.h">
      <Filter>Header\ExternalHeader\stbi</Filter>
    </ClInclude>
    <ClInclude Include="Inc\Gear\Core\DynamicCBufferManager.h">
      <Filter>Header</Filter>
    </ClInclude>
    <ClInclude Include="Inc\Gear\Core\RenderTask.h">
      <Filter>Header</Filter>
    </ClInclude>
    <ClInclude Include="Inc\Gear\Effect\HDRClampEffect.h">
      <Filter>Header</Filter>
    </ClInclude>
    <ClInclude Include="Inc\Gear\Effect\LatLongMapToCubeMapEffect.h">
      <Filter>Header</Filter>
    </ClInclude>
    <ClInclude Include="Inc\Gear\Effect\BackBufferBlitEffect.h">
      <Filter>Header</Filter>
    </ClInclude>
    <ClInclude Include="Inc\D3D12Headers\d3d12.h">
      <Filter>Header</Filter>
    </ClInclude>
    <ClInclude Include="Inc\D3D12Headers\d3d12compatibility.h">
      <Filter>Header</Filter>
    </ClInclude>
    <ClInclude Include="Inc\D3D12Headers\d3d12sdklayers.h">
      <Filter>Header</Filter>
    </ClInclude>
    <ClInclude Include="Inc\D3D12Headers\d3d12shader.h">
      <Filter>Header</Filter>
    </ClInclude>
    <ClInclude Include="Inc\D3D12Headers\D3D12TokenizedProgramFormat.hpp">
      <Filter>Header</Filter>
    </ClInclude>
    <ClInclude Include="Inc\D3D12Headers\d3d12video.h">
      <Filter>Header</Filter>
    </ClInclude>
    <ClInclude Include="Inc\D3D12Headers\d3dcommon.h">
      <Filter>Header</Filter>
    </ClInclude>
    <ClInclude Include="Inc\D3D12Headers\d3dx12.h">
      <Filter>Header</Filter>
    </ClInclude>
    <ClInclude Include="Inc\D3D12Headers\d3dx12_barriers.h">
      <Filter>Header</Filter>
    </ClInclude>
    <ClInclude Include="Inc\D3D12Headers\d3dx12_check_feature_support.h">
      <Filter>Header</Filter>
    </ClInclude>
    <ClInclude Include="Inc\D3D12Headers\d3dx12_core.h">
      <Filter>Header</Filter>
    </ClInclude>
    <ClInclude Include="Inc\D3D12Headers\d3dx12_default.h">
      <Filter>Header</Filter>
    </ClInclude>
    <ClInclude Include="Inc\D3D12Headers\d3dx12_pipeline_state_stream.h">
      <Filter>Header</Filter>
    </ClInclude>
    <ClInclude Include="Inc\D3D12Headers\d3dx12_property_format_table.h">
      <Filter>Header</Filter>
    </ClInclude>
    <ClInclude Include="Inc\D3D12Headers\d3dx12_render_pass.h">
      <Filter>Header</Filter>
    </ClInclude>
    <ClInclude Include="Inc\D3D12Headers\d3dx12_resource_helpers.h">
      <Filter>Header</Filter>
    </ClInclude>
    <ClInclude Include="Inc\D3D12Headers\d3dx12_root_signature.h">
      <Filter>Header</Filter>
    </ClInclude>
    <ClInclude Include="Inc\D3D12Headers\d3dx12_state_object.h">
      <Filter>Header</Filter>
    </ClInclude>
    <ClInclude Include="Inc\D3D12Headers\dxcore.h">
      <Filter>Header</Filter>
    </ClInclude>
    <ClInclude Include="Inc\D3D12Headers\dxcore_interface.h">
      <Filter>Header</Filter>
    </ClInclude>
    <ClInclude Include="Inc\D3D12Headers\dxgicommon.h">
      <Filter>Header</Filter>
    </ClInclude>
    <ClInclude Include="Inc\D3D12Headers\dxgiformat.h">
      <Filter>Header</Filter>
    </ClInclude>
    <ClInclude Include="Inc\Gear\Utils\Logger\LogColor.h">
      <Filter>Header</Filter>
    </ClInclude>
    <ClInclude Include="Inc\Gear\Utils\Logger\LogContext.h">
      <Filter>Header</Filter>
    </ClInclude>
    <ClInclude Include="Inc\stb_image_write.h">
      <Filter>Header</Filter>
    </ClInclude>
    <ClInclude Include="Inc\Gear\Core\FMT.h">
      <Filter>Header</Filter>
    </ClInclude>
    <ClInclude Include="Inc\Gear\Utils\WallpaperHelper.h">
      <Filter>Header</Filter>
    </ClInclude>
    <ClInclude Include="Inc\Gear\Resource\DynamicCBuffer.h">
      <Filter>Header</Filter>
    </ClInclude>
    <ClInclude Include="Inc\Gear\Resource\DefaultCBuffer.h">
      <Filter>Header</Filter>
    </ClInclude>
    <ClInclude Include="Inc\Gear\Core\Internal\GraphicsInternal.h">
      <Filter>Header</Filter>
    </ClInclude>
    <ClInclude Include="Inc\Gear\Utils\Internal\FileInternal.h">
      <Filter>Header</Filter>
    </ClInclude>
    <ClInclude Include="Inc\Gear\Utils\Internal\LoggerInternal.h">
      <Filter>Header</Filter>
    </ClInclude>
    <ClInclude Include="Inc\Gear\Utils\Logger.h">
      <Filter>Header</Filter>
    </ClInclude>
    <ClInclude Include="Inc\Gear\Input\Internal\KeyboardInternal.h">
      <Filter>Header</Filter>
    </ClInclude>
    <ClInclude Include="Inc\Gear\Input\Internal\MouseInternal.h">
      <Filter>Header</Filter>
    </ClInclude>
    <ClInclude Include="Inc\Gear\Core\Internal\GraphicsDeviceInternal.h">
      <Filter>Header</Filter>
    </ClInclude>
    <ClInclude Include="Inc\Gear\Core\Internal\GlobalDescriptorHeapInternal.h">
      <Filter>Header</Filter>
    </ClInclude>
    <ClInclude Include="Inc\Gear\Core\Internal\GlobalRootSignatureInternal.h">
      <Filter>Header</Filter>
    </ClInclude>
    <ClInclude Include="Inc\Gear\Core\Internal\GlobalShaderInternal.h">
      <Filter>Header</Filter>
    </ClInclude>
    <ClInclude Include="Inc\Gear\Core\Internal\DynamicCBufferManagerInternal.h">
      <Filter>Header</Filter>
    </ClInclude>
    <ClInclude Include="Inc\Gear\Effect\Internal\BackBufferBlitEffectInternal.h">
      <Filter>Header</Filter>
    </ClInclude>
    <ClInclude Include="Inc\Gear\Effect\Internal\HDRClampEffectInternal.h">
      <Filter>Header</Filter>
    </ClInclude>
    <ClInclude Include="Inc\Gear\Effect\Internal\LatLongMapToCubeMapEffectInternal.h">
      <Filter>Header</Filter>
    </ClInclude>
    <ClInclude Include="Inc\Gear\Core\Internal\RenderEngineInternal.h">
      <Filter>Header</Filter>
    </ClInclude>
    <ClInclude Include="Inc\Gear\Core\GlobalShader.h">
      <Filter>Header</Filter>
    </ClInclude>
    <ClInclude Include="Inc\Gear\Core\D3D12Core\DXCCompiler.h">
      <Filter>Header</Filter>
    </ClInclude>
    <ClInclude Include="Inc\Gear\Core\D3D12Core\Internal\DXCCompilerInternal.h">
      <Filter>Header</Filter>
    </ClInclude>
    <ClInclude Include="Inc\Gear\Resource\PipelineResourceDesc.h">
      <Filter>Header</Filter>
    </ClInclude>
    <ClInclude Include="Inc\Gear\DevEssential.h">
      <Filter>Header</Filter>
    </ClInclude>
    <ClInclude Include="Inc\Gear\Core\D3D12Core\DescriptorHandle.h">
      <Filter>Header</Filter>
    </ClInclude>
    <ClInclude Include="Inc\Gear\Core\D3D12Core\PipelineState.h">
      <Filter>Header</Filter>
    </ClInclude>
    <ClInclude Include="Inc\Gear\Core\PipelineStateBuilder.h">
      <Filter>Header</Filter>
    </ClInclude>
    <ClInclude Include="Inc\Gear\Core\D3D12Core\ResourceStateTracker.h">
      <Filter>Header</Filter>
    </ClInclude>
    <ClInclude Include="Inc\Gear\Core\RenderThread.h">
      <Filter>Header</Filter>
    </ClInclude>
    <ClInclude Include="Inc\Gear\Effect\ToneMapEffect.h">
      <Filter>Header</Filter>
    </ClInclude>
    <ClInclude Include="Inc\Gear\Effect\Internal\ToneMapEffectInternal.h">
      <Filter>Header</Filter>
    </ClInclude>
    <ClInclude Include="Inc\Gear\Effect\GammaCorrectEffect.h">
      <Filter>Header</Filter>
    </ClInclude>
    <ClInclude Include="Inc\Gear\Effect\Internal\GammaCorrectEffectInternal.h">
      <Filter>Header</Filter>
    </ClInclude>
    <ClInclude Include="Inc\Gear\Effect\SSREffect.h">
      <Filter>Header</Filter>
    </ClInclude>
    <ClInclude Include="Inc\Gear\Effect\HBAOPlusEffect.h">
      <Filter>Header</Filter>
    </ClInclude>
    <ClInclude Include="Inc\Gear\Core\TOPOLOGY.h">
      <Filter>Header</Filter>
    </ClInclude>
    <ClInclude Include="Inc\Gear\Resource\SwappableBase.h">
      <Filter>Header</Filter>
    </ClInclude>
    <ClInclude Include="Inc\Gear\Resource\SwapBuffer.h">
      <Filter>Header</Filter>
    </ClInclude>
    <ClInclude Include="Inc\Gear\Core\LocalDescriptorHeap.h">
      <Filter>Header</Filter>
    </ClInclude>
    <ClInclude Include="Inc\Gear\Core\Internal\LocalDescriptorHeapInternal.h">
      <Filter>Header</Filter>
    </ClInclude>
    <ClInclude Include="Inc\Gear\Utils\Memory.h">
      <Filter>Header</Filter>
    </ClInclude>
    <ClInclude Include="Inc\Gear\Utils\StaticVector.h">
      <Filter>Header</Filter>
    </ClInclude>
    <ClInclude Include="Inc\Gear\Utils\String.h">
      <Filter>Header</Filter>
    </ClInclude>
    <ClInclude Include="Inc\DDSTextureLoader\DDSTextureLoader12.h">
      <Filter>Header</Filter>
    </ClInclude>
    <ClInclude Include="Inc\WICTextureLoader\WICTextureLoader12.h">
      <Filter>Header</Filter>
    </ClInclude>
    <ClInclude Include="Inc\Gear\Core\D3D12Core\ComputeState.h">
      <Filter>Header</Filter>
    </ClInclude>
    <ClInclude Include="Inc\Gear\Core\RenderThreadLocal.h">
      <Filter>Header</Filter>
    </ClInclude>
    <ClInclude Include="Inc\Gear\Core\Internal\RenderThreadLocalInternal.h">
      <Filter>Header</Filter>
    </ClInclude>
    <ClInclude Include="Inc\Gear\Core\RenderThreadGlobal.h">
      <Filter>Header</Filter>
    </ClInclude>
    <ClInclude Include="Inc\Gear\Core\Internal\RenderThreadGlobalInternal.h">
      <Filter>Header</Filter>
    </ClInclude>
    <ClInclude Include="Inc\Gear\Core\D3D12Core\GraphicsState.h">
      <Filter>Header</Filter>
    </ClInclude>
    <ClInclude Include="Inc\Gear\Core\VideoEncoder\D3D12Encoder.h">
      <Filter>Header</Filter>
    </ClInclude>
    <ClInclude Include="Inc\Gear\Core\D3D12Resource\VideoTexture.h">
      <Filter>Header</Filter>
    </ClInclude>
  </ItemGroup>
  <ItemGroup>
    <ClCompile Include="Src\InitializationParam.cpp">
      <Filter>Source</Filter>
    </ClCompile>
    <ClCompile Include="Src\Gear.cpp">
      <Filter>Source</Filter>
    </ClCompile>
    <ClCompile Include="Src\Game.cpp">
      <Filter>Source</Filter>
    </ClCompile>
    <ClCompile Include="Src\Camera\FPSCamera.cpp">
      <Filter>Source\Camera</Filter>
    </ClCompile>
    <ClCompile Include="Src\Camera\OrbitCamera.cpp">
      <Filter>Source\Camera</Filter>
    </ClCompile>
    <ClCompile Include="Src\Core\D3D12Resource\Buffer.cpp">
      <Filter>Source\Core\DX</Filter>
    </ClCompile>
    <ClCompile Include="Src\Core\D3D12Resource\ReadbackHeap.cpp">
      <Filter>Source\Core\DX</Filter>
    </ClCompile>
    <ClCompile Include="Src\Core\D3D12Resource\D3D12ResourceBase.cpp">
      <Filter>Source\Core\DX</Filter>
    </ClCompile>
    <ClCompile Include="Src\Core\D3D12Resource\Texture.cpp">
      <Filter>Source\Core\DX</Filter>
    </ClCompile>
    <ClCompile Include="Src\Core\D3D12Resource\UploadHeap.cpp">
      <Filter>Source\Core\DX</Filter>
    </ClCompile>
    <ClCompile Include="Src\Effect\BloomEffect.cpp">
      <Filter>Source\Core\Effect</Filter>
    </ClCompile>
    <ClCompile Include="Src\Effect\EffectBase.cpp">
      <Filter>Source\Core\Effect</Filter>
    </ClCompile>
    <ClCompile Include="Src\Effect\FXAAEffect.cpp">
      <Filter>Source\Core\Effect</Filter>
    </ClCompile>
    <ClCompile Include="Src\Core\Gear2D\PrimitiveBatch.cpp">
      <Filter>Source\Core\Gear2D</Filter>
    </ClCompile>
    <ClCompile Include="Src\Resource\BufferView.cpp">
      <Filter>Source\Core\Resource</Filter>
    </ClCompile>
    <ClCompile Include="Src\Resource\ImmutableCBuffer.cpp">
      <Filter>Source\Core\Resource</Filter>
    </ClCompile>
    <ClCompile Include="Src\Resource\CounterBufferView.cpp">
      <Filter>Source\Core\Resource</Filter>
    </ClCompile>
    <ClCompile Include="Src\Resource\ResourceBase.cpp">
      <Filter>Source\Core\Resource</Filter>
    </ClCompile>
    <ClCompile Include="Src\Resource\SwapTexture.cpp">
      <Filter>Source\Core\Resource</Filter>
    </ClCompile>
    <ClCompile Include="Src\Resource\DepthTextureView.cpp">
      <Filter>Source\Core\Resource</Filter>
    </ClCompile>
    <ClCompile Include="Src\Resource\RenderTextureView.cpp">
      <Filter>Source\Core\Resource</Filter>
    </ClCompile>
    <ClCompile Include="Src\Core\VideoEncoder\NVIDIAEncoder.cpp">
      <Filter>Source\Core\VideoEncoder</Filter>
    </ClCompile>
    <ClCompile Include="Src\Input\Event.cpp">
      <Filter>Source\Input</Filter>
    </ClCompile>
    <ClCompile Include="Src\Input\Mouse.cpp">
      <Filter>Source\Input</Filter>
    </ClCompile>
    <ClCompile Include="Src\Input\Keyboard.cpp">
      <Filter>Source\Input</Filter>
    </ClCompile>
    <ClCompile Include="Src\Core\VideoEncoder\Encoder.cpp">
      <Filter>Source\Core\VideoEncoder</Filter>
    </ClCompile>
    <ClCompile Include="Src\Utils\Color.cpp">
      <Filter>Source\Utils</Filter>
    </ClCompile>
    <ClCompile Include="Src\Utils\DeltaTimeEstimator.cpp">
      <Filter>Source\Utils</Filter>
    </ClCompile>
    <ClCompile Include="Src\Utils\Math.cpp">
      <Filter>Source\Utils</Filter>
    </ClCompile>
    <ClCompile Include="Src\Utils\Random.cpp">
      <Filter>Source\Utils</Filter>
    </ClCompile>
    <ClCompile Include="Src\Utils\Timer.cpp">
      <Filter>Source\Utils</Filter>
    </ClCompile>
    <ClCompile Include="Src\Utils\File.cpp">
      <Filter>Source\Utils</Filter>
    </ClCompile>
    <ClCompile Include="Src\Window\Win32Form.cpp">
      <Filter>Source\Window</Filter>
    </ClCompile>
    <ClCompile Include="Src\Core\MainCamera.cpp">
      <Filter>Source\Core</Filter>
    </ClCompile>
    <ClCompile Include="Src\Core\D3D12Core\CommandList.cpp">
      <Filter>Source\Core</Filter>
    </ClCompile>
    <ClCompile Include="Src\Core\D3D12Core\DescriptorHeap.cpp">
      <Filter>Source\Core</Filter>
    </ClCompile>
    <ClCompile Include="Src\Core\GlobalDescriptorHeap.cpp">
      <Filter>Source\Core</Filter>
    </ClCompile>
    <ClCompile Include="Src\Core\GlobalRootSignature.cpp">
      <Filter>Source\Core</Filter>
    </ClCompile>
    <ClCompile Include="Src\Core\Graphics.cpp">
      <Filter>Source\Core</Filter>
    </ClCompile>
    <ClCompile Include="Src\Core\GraphicsContext.cpp">
      <Filter>Source\Core</Filter>
    </ClCompile>
    <ClCompile Include="Src\Core\GraphicsDevice.cpp">
      <Filter>Source\Core</Filter>
    </ClCompile>
    <ClCompile Include="Src\Core\RenderEngine.cpp">
      <Filter>Source\Core</Filter>
    </ClCompile>
    <ClCompile Include="Src\Core\ResourceManager.cpp">
      <Filter>Source\Core</Filter>
    </ClCompile>
    <ClCompile Include="Src\Core\D3D12Core\RootSignature.cpp">
      <Filter>Source\Core</Filter>
    </ClCompile>
    <ClCompile Include="Src\Core\D3D12Core\Shader.cpp">
      <Filter>Source\Core</Filter>
    </ClCompile>
    <ClCompile Include="Inc\ImGUI\imgui.cpp">
      <Filter>Source\ExternalSource\ImGUi</Filter>
    </ClCompile>
    <ClCompile Include="Inc\ImGUI\imgui_demo.cpp">
      <Filter>Source\ExternalSource\ImGUi</Filter>
    </ClCompile>
    <ClCompile Include="Inc\ImGUI\imgui_draw.cpp">
      <Filter>Source\ExternalSource\ImGUi</Filter>
    </ClCompile>
    <ClCompile Include="Inc\ImGUI\imgui_impl_dx12.cpp">
      <Filter>Source\ExternalSource\ImGUi</Filter>
    </ClCompile>
    <ClCompile Include="Inc\ImGUI\imgui_impl_win32.cpp">
      <Filter>Source\ExternalSource\ImGUi</Filter>
    </ClCompile>
    <ClCompile Include="Inc\ImGUI\imgui_tables.cpp">
      <Filter>Source\ExternalSource\ImGUi</Filter>
    </ClCompile>
    <ClCompile Include="Inc\ImGUI\imgui_widgets.cpp">
      <Filter>Source\ExternalSource\ImGUi</Filter>
    </ClCompile>
    <ClCompile Include="Src\Core\DynamicCBufferManager.cpp">
      <Filter>Source</Filter>
    </ClCompile>
    <ClCompile Include="Src\Core\RenderTask.cpp">
      <Filter>Source</Filter>
    </ClCompile>
    <ClCompile Include="Src\Effect\HDRClampEffect.cpp">
      <Filter>Source</Filter>
    </ClCompile>
    <ClCompile Include="Src\Effect\LatLongMapToCubeMapEffect.cpp">
      <Filter>Source</Filter>
    </ClCompile>
    <ClCompile Include="Src\Effect\BackBufferBlitEffect.cpp">
      <Filter>Source</Filter>
    </ClCompile>
    <ClCompile Include="Src\Utils\Logger\LogColor.cpp">
      <Filter>Source</Filter>
    </ClCompile>
    <ClCompile Include="Src\Utils\Logger\LogContext.cpp">
      <Filter>Source</Filter>
    </ClCompile>
    <ClCompile Include="Src\Utils\WallpaperHelper.cpp">
      <Filter>Source</Filter>
    </ClCompile>
    <ClCompile Include="Src\Resource\DynamicCBuffer.cpp">
      <Filter>Source</Filter>
    </ClCompile>
    <ClCompile Include="Src\Resource\DefaultCBuffer.cpp">
      <Filter>Source</Filter>
    </ClCompile>
    <ClCompile Include="Src\Utils\Logger.cpp">
      <Filter>Source</Filter>
    </ClCompile>
    <ClCompile Include="Src\Core\GlobalShader.cpp">
      <Filter>Source</Filter>
    </ClCompile>
    <ClCompile Include="Src\Core\D3D12Core\DXCCompiler.cpp">
      <Filter>Source</Filter>
    </ClCompile>
    <ClCompile Include="Src\Core\D3D12Core\DescriptorHandle.cpp">
      <Filter>Source</Filter>
    </ClCompile>
    <ClCompile Include="Src\Core\D3D12Core\PipelineState.cpp">
      <Filter>Source</Filter>
    </ClCompile>
    <ClCompile Include="Src\Core\PipelineStateBuilder.cpp">
      <Filter>Source</Filter>
    </ClCompile>
    <ClCompile Include="Src\Core\D3D12Core\ResourceStateTracker.cpp">
      <Filter>Source</Filter>
    </ClCompile>
    <ClCompile Include="Src\Core\RenderThread.cpp">
      <Filter>Source</Filter>
    </ClCompile>
    <ClCompile Include="Src\Effect\ToneMapEffect.cpp">
      <Filter>Source</Filter>
    </ClCompile>
    <ClCompile Include="Src\Effect\GammaCorrectEffect.cpp">
      <Filter>Source</Filter>
    </ClCompile>
    <ClCompile Include="Src\Effect\SSREffect.cpp">
      <Filter>Source</Filter>
    </ClCompile>
    <ClCompile Include="Src\Effect\HBAOPlusEffect.cpp">
      <Filter>Source</Filter>
    </ClCompile>
    <ClCompile Include="Src\Core\LocalDescriptorHeap.cpp">
      <Filter>Source</Filter>
    </ClCompile>
    <ClCompile Include="Src\Utils\String.cpp">
      <Filter>Source</Filter>
    </ClCompile>
    <ClCompile Include="Inc\DDSTextureLoader\DDSTextureLoader12.cpp">
      <Filter>Source</Filter>
    </ClCompile>
    <ClCompile Include="Inc\WICTextureLoader\WICTextureLoader12.cpp">
      <Filter>Source</Filter>
    </ClCompile>
    <ClCompile Include="Src\Core\D3D12Core\ComputeState.cpp">
      <Filter>Source</Filter>
    </ClCompile>
    <ClCompile Include="Src\Core\RenderThreadLocal.cpp">
      <Filter>Source</Filter>
    </ClCompile>
    <ClCompile Include="Src\Core\RenderThreadGlobal.cpp">
      <Filter>Source</Filter>
    </ClCompile>
    <ClCompile Include="Src\Core\D3D12Core\GraphicsState.cpp">
      <Filter>Source</Filter>
    </ClCompile>
    <ClCompile Include="Src\Resource\SwapBuffer.cpp">
      <Filter>Source</Filter>
    </ClCompile>
    <ClCompile Include="Src\Core\D3D12Resource\VideoTexture.cpp">
      <Filter>Source</Filter>
    </ClCompile>
  </ItemGroup>
  <ItemGroup>
    <FxCompile Include="Shaders\Bloom\BloomDownSamplePS.hlsl">
      <Filter>Shaders\Bloom</Filter>
    </FxCompile>
    <FxCompile Include="Shaders\Bloom\BloomFilterPS.hlsl">
      <Filter>Shaders\Bloom</Filter>
    </FxCompile>
    <FxCompile Include="Shaders\Bloom\BloomFinalPS.hlsl">
      <Filter>Shaders\Bloom</Filter>
    </FxCompile>
    <FxCompile Include="Shaders\Bloom\BloomHBlurCS.hlsl">
      <Filter>Shaders\Bloom</Filter>
    </FxCompile>
    <FxCompile Include="Shaders\Bloom\BloomKarisAveragePS.hlsl">
      <Filter>Shaders\Bloom</Filter>
    </FxCompile>
    <FxCompile Include="Shaders\Bloom\BloomVBlurCS.hlsl">
      <Filter>Shaders\Bloom</Filter>
    </FxCompile>
    <FxCompile Include="Shaders\FXAA\ColorToColorLuma.hlsl">
      <Filter>Shaders\Bloom</Filter>
    </FxCompile>
    <FxCompile Include="Shaders\TextureCube\EquirectangularPS.hlsl">
      <Filter>Shaders\TextureCube</Filter>
    </FxCompile>
    <FxCompile Include="Shaders\TextureCube\EquirectangularVS.hlsl">
      <Filter>Shaders\TextureCube</Filter>
    </FxCompile>
    <FxCompile Include="Shaders\TextureCube\TextureCubeVS.hlsl">
      <Filter>Shaders\TextureCube</Filter>
    </FxCompile>
    <FxCompile Include="Shaders\VideoEncoder\RGBToNV12CS.hlsl">
      <Filter>Shaders\VideoEncoder</Filter>
    </FxCompile>
    <FxCompile Include="Shaders\PrimitiveBatch\PrimitiveBatchCircleVS.hlsl">
      <Filter>Shaders\PrimitiveBatch</Filter>
    </FxCompile>
    <FxCompile Include="Shaders\PrimitiveBatch\PrimitiveBatchRCLineVS.hlsl">
      <Filter>Shaders\PrimitiveBatch</Filter>
    </FxCompile>
    <FxCompile Include="Shaders\PrimitiveBatch\PrimitiveBatchRCLineGS.hlsl">
      <Filter>Shaders\PrimitiveBatch</Filter>
    </FxCompile>
    <FxCompile Include="Shaders\PrimitiveBatch\PrimitiveBatchPS.hlsl">
      <Filter>Shaders\PrimitiveBatch</Filter>
    </FxCompile>
    <FxCompile Include="Shaders\PrimitiveBatch\PrimitiveBatchLineVS.hlsl">
      <Filter>Shaders\PrimitiveBatch</Filter>
    </FxCompile>
    <FxCompile Include="Shaders\PrimitiveBatch\PrimitiveBatchLineGS.hlsl">
      <Filter>Shaders\PrimitiveBatch</Filter>
    </FxCompile>
    <FxCompile Include="Shaders\FullScreen\FullScreenPS.hlsl">
      <Filter>Shaders\FullScreen</Filter>
    </FxCompile>
    <FxCompile Include="Shaders\FullScreen\FullScreenVS.hlsl">
      <Filter>Shaders\FullScreen</Filter>
    </FxCompile>
    <FxCompile Include="Shaders\FXAA\FXAA.hlsl">
      <Filter>Shaders\FXAA</Filter>
    </FxCompile>
    <FxCompile Include="Shaders\HDRClampCS.hlsl" />
    <FxCompile Include="Shaders\ToneMapCS.hlsl" />
    <FxCompile Include="Shaders\GammaCorrectCS.hlsl" />
    <FxCompile Include="Shaders\SSR\HiZCopyCS.hlsl" />
    <FxCompile Include="Shaders\SSR\HiZCreateCS.hlsl" />
    <FxCompile Include="Shaders\SSR\HiZProcessPS.hlsl" />
  </ItemGroup>
  <ItemGroup>
    <None Include="Shaders\Common.hlsli">
      <Filter>Shaders</Filter>
    </None>
    <None Include="Shaders\FXAA\FXAAHeader.hlsli">
      <Filter>Shaders\FXAA</Filter>
    </None>
    <None Include="Shaders\PBRHeader.hlsli" />
  </ItemGroup>
</Project>