<?xml version="1.0" encoding="utf-8"?>
<Project ToolsVersion="4.0" xmlns="http://schemas.microsoft.com/developer/msbuild/2003">
  <ItemGroup>
    <Filter Include="源文件">
      <UniqueIdentifier>{4FC737F1-C7A5-4376-A066-2A32D752A2FF}</UniqueIdentifier>
      <Extensions>cpp;c;cc;cxx;c++;cppm;ixx;def;odl;idl;hpj;bat;asm;asmx</Extensions>
    </Filter>
    <Filter Include="头文件">
      <UniqueIdentifier>{93995380-89BD-4b04-88EB-625FBE52EBFB}</UniqueIdentifier>
      <Extensions>h;hh;hpp;hxx;h++;hm;inl;inc;ipp;xsd</Extensions>
    </Filter>
    <Filter Include="资源文件">
      <UniqueIdentifier>{67DA6AB6-F800-4c08-8B7A-83BB121AAD01}</UniqueIdentifier>
      <Extensions>rc;ico;cur;bmp;dlg;rc2;rct;bin;rgs;gif;jpg;jpeg;jpe;resx;tiff;tif;png;wav;mfcribbon-ms</Extensions>
    </Filter>
    <Filter Include="HLSL">
      <UniqueIdentifier>{749338ae-9bef-47f2-94a9-aeebf65ad8ca}</UniqueIdentifier>
    </Filter>
    <Filter Include="HLSL\Simulation">
      <UniqueIdentifier>{6113d3a1-aaf3-40e3-ba9b-6d8ab829c44e}</UniqueIdentifier>
    </Filter>
    <Filter Include="HLSL\Rendering">
      <UniqueIdentifier>{e4cba8e8-4d3a-4c2b-9c63-11b5a6a78cc5}</UniqueIdentifier>
    </Filter>
    <Filter Include="HLSL\Debug">
      <UniqueIdentifier>{aad171c5-bae9-4059-936f-50a5c40c7bda}</UniqueIdentifier>
    </Filter>
  </ItemGroup>
  <ItemGroup>
    <ClCompile Include="main.cpp">
      <Filter>源文件</Filter>
    </ClCompile>
  </ItemGroup>
  <ItemGroup>
    <ClInclude Include="MyGame.h">
      <Filter>头文件</Filter>
    </ClInclude>
    <ClInclude Include="WaveCascade.h">
      <Filter>头文件</Filter>
    </ClInclude>
    <ClInclude Include="MyRenderTask.h">
      <Filter>头文件</Filter>
    </ClInclude>
  </ItemGroup>
  <ItemGroup>
    <FxCompile Include="ConjugateCS.hlsl">
      <Filter>HLSL\Simulation</Filter>
    </FxCompile>
    <FxCompile Include="DisplacementSpectrumCS.hlsl">
      <Filter>HLSL\Simulation</Filter>
    </FxCompile>
    <FxCompile Include="IFFTCS.hlsl">
      <Filter>HLSL\Simulation</Filter>
    </FxCompile>
    <FxCompile Include="PermutationCS.hlsl">
      <Filter>HLSL\Simulation</Filter>
    </FxCompile>
    <FxCompile Include="SpectrumCS.hlsl">
      <Filter>HLSL\Simulation</Filter>
    </FxCompile>
    <FxCompile Include="WaveMergeCS.hlsl">
      <Filter>HLSL\Simulation</Filter>
    </FxCompile>
    <FxCompile Include="OceanVS.hlsl">
      <Filter>HLSL\Rendering</Filter>
    </FxCompile>
    <FxCompile Include="OceanHS.hlsl">
      <Filter>HLSL\Rendering</Filter>
    </FxCompile>
    <FxCompile Include="OceanDS.hlsl">
      <Filter>HLSL\Rendering</Filter>
    </FxCompile>
    <FxCompile Include="OceanPS.hlsl">
      <Filter>HLSL\Rendering</Filter>
    </FxCompile>
    <FxCompile Include="TextureCubePS.hlsl">
      <Filter>HLSL\Rendering</Filter>
    </FxCompile>
    <FxCompile Include="GridDebugVS.hlsl">
      <Filter>HLSL\Debug</Filter>
    </FxCompile>
    <FxCompile Include="GridDebugPS.hlsl">
      <Filter>HLSL\Debug</Filter>
    </FxCompile>
  </ItemGroup>
  <ItemGroup>
    <None Include="Predefine.hlsli">
      <Filter>HLSL\Simulation</Filter>
    </None>
  </ItemGroup>
</Project>